
Microsoft Visual Studio Solution File, Format Version 12.00
# Visual Studio Version 17
VisualStudioVersion = 17.5.2.0
MinimumVisualStudioVersion = 10.0.40219.1
Project("{2150E333-8FDC-42A3-9474-1A3956D46DE8}") = "Server", "Server", "{DAD03CFC-D5FA-AC94-41C7-9ABAB326F09E}"
EndProject
Project("{FAE04EC0-301F-11D3-BF4B-00C04F79EFBC}") = "API", "Server\API\API.csproj", "{98C44F95-E36B-1559-9416-B712F20D22DB}"
EndProject
Project("{FAE04EC0-301F-11D3-BF4B-00C04F79EFBC}") = "Core", "Server\Core\Core.csproj", "{CD87BA02-E7A3-4E3C-818F-56C8DE44FCFE}"
EndProject
Project("{FAE04EC0-301F-11D3-BF4B-00C04F79EFBC}") = "Infrastructure", "Server\Infrastructure\Infrastructure.csproj", "{78308EE4-E5F9-4623-AB63-23765625A78C}"
EndProject
Project("{2150E333-8FDC-42A3-9474-1A3956D46DE8}") = "Tests", "Tests", "{F6418E52-5FE5-8182-075E-77FED2B86FC9}"
EndProject
Project("{FAE04EC0-301F-11D3-BF4B-00C04F79EFBC}") = "API.Tests", "Server\Tests\API.Tests\API.Tests.csproj", "{90DC5210-6167-46F9-A11C-E504D7FAAB8B}"
EndProject
Project("{FAE04EC0-301F-11D3-BF4B-00C04F79EFBC}") = "Core.Tests", "Server\Tests\Core.Tests\Core.Tests.csproj", "{6BC568DD-D748-448E-99B4-842FECEA41FF}"
EndProject
Project("{FAE04EC0-301F-11D3-BF4B-00C04F79EFBC}") = "Infrastructure.Tests", "Server\Tests\Infrastructure.Tests\Infrastructure.Tests.csproj", "{A5520BF3-5F69-4801-A4D9-E7019EF7DF01}"
EndProject
Global
	GlobalSection(SolutionConfigurationPlatforms) = preSolution
		Debug|Any CPU = Debug|Any CPU
		Debug|x64 = Debug|x64
		Debug|x86 = Debug|x86
		Release|Any CPU = Release|Any CPU
		Release|x64 = Release|x64
		Release|x86 = Release|x86
	EndGlobalSection
	GlobalSection(ProjectConfigurationPlatforms) = postSolution
		{98C44F95-E36B-1559-9416-B712F20D22DB}.Debug|Any CPU.ActiveCfg = Debug|Any CPU
		{98C44F95-E36B-1559-9416-B712F20D22DB}.Debug|Any CPU.Build.0 = Debug|Any CPU
		{98C44F95-E36B-1559-9416-B712F20D22DB}.Debug|x64.ActiveCfg = Debug|Any CPU
		{98C44F95-E36B-1559-9416-B712F20D22DB}.Debug|x64.Build.0 = Debug|Any CPU
		{98C44F95-E36B-1559-9416-B712F20D22DB}.Debug|x86.ActiveCfg = Debug|Any CPU
		{98C44F95-E36B-1559-9416-B712F20D22DB}.Debug|x86.Build.0 = Debug|Any CPU
		{98C44F95-E36B-1559-9416-B712F20D22DB}.Release|Any CPU.ActiveCfg = Release|Any CPU
		{98C44F95-E36B-1559-9416-B712F20D22DB}.Release|Any CPU.Build.0 = Release|Any CPU
		{98C44F95-E36B-1559-9416-B712F20D22DB}.Release|x64.ActiveCfg = Release|Any CPU
		{98C44F95-E36B-1559-9416-B712F20D22DB}.Release|x64.Build.0 = Release|Any CPU
		{98C44F95-E36B-1559-9416-B712F20D22DB}.Release|x86.ActiveCfg = Release|Any CPU
		{98C44F95-E36B-1559-9416-B712F20D22DB}.Release|x86.Build.0 = Release|Any CPU
		{CD87BA02-E7A3-4E3C-818F-56C8DE44FCFE}.Debug|Any CPU.ActiveCfg = Debug|Any CPU
		{CD87BA02-E7A3-4E3C-818F-56C8DE44FCFE}.Debug|Any CPU.Build.0 = Debug|Any CPU
		{CD87BA02-E7A3-4E3C-818F-56C8DE44FCFE}.Debug|x64.ActiveCfg = Debug|Any CPU
		{CD87BA02-E7A3-4E3C-818F-56C8DE44FCFE}.Debug|x64.Build.0 = Debug|Any CPU
		{CD87BA02-E7A3-4E3C-818F-56C8DE44FCFE}.Debug|x86.ActiveCfg = Debug|Any CPU
		{CD87BA02-E7A3-4E3C-818F-56C8DE44FCFE}.Debug|x86.Build.0 = Debug|Any CPU
		{CD87BA02-E7A3-4E3C-818F-56C8DE44FCFE}.Release|Any CPU.ActiveCfg = Release|Any CPU
		{CD87BA02-E7A3-4E3C-818F-56C8DE44FCFE}.Release|Any CPU.Build.0 = Release|Any CPU
		{CD87BA02-E7A3-4E3C-818F-56C8DE44FCFE}.Release|x64.ActiveCfg = Release|Any CPU
		{CD87BA02-E7A3-4E3C-818F-56C8DE44FCFE}.Release|x64.Build.0 = Release|Any CPU
		{CD87BA02-E7A3-4E3C-818F-56C8DE44FCFE}.Release|x86.ActiveCfg = Release|Any CPU
		{CD87BA02-E7A3-4E3C-818F-56C8DE44FCFE}.Release|x86.Build.0 = Release|Any CPU
		{78308EE4-E5F9-4623-AB63-23765625A78C}.Debug|Any CPU.ActiveCfg = Debug|Any CPU
		{78308EE4-E5F9-4623-AB63-23765625A78C}.Debug|Any CPU.Build.0 = Debug|Any CPU
		{78308EE4-E5F9-4623-AB63-23765625A78C}.Debug|x64.ActiveCfg = Debug|Any CPU
		{78308EE4-E5F9-4623-AB63-23765625A78C}.Debug|x64.Build.0 = Debug|Any CPU
		{78308EE4-E5F9-4623-AB63-23765625A78C}.Debug|x86.ActiveCfg = Debug|Any CPU
		{78308EE4-E5F9-4623-AB63-23765625A78C}.Debug|x86.Build.0 = Debug|Any CPU
		{78308EE4-E5F9-4623-AB63-23765625A78C}.Release|Any CPU.ActiveCfg = Release|Any CPU
		{78308EE4-E5F9-4623-AB63-23765625A78C}.Release|Any CPU.Build.0 = Release|Any CPU
		{78308EE4-E5F9-4623-AB63-23765625A78C}.Release|x64.ActiveCfg = Release|Any CPU
		{78308EE4-E5F9-4623-AB63-23765625A78C}.Release|x64.Build.0 = Release|Any CPU
		{78308EE4-E5F9-4623-AB63-23765625A78C}.Release|x86.ActiveCfg = Release|Any CPU
		{78308EE4-E5F9-4623-AB63-23765625A78C}.Release|x86.Build.0 = Release|Any CPU
		{90DC5210-6167-46F9-A11C-E504D7FAAB8B}.Debug|Any CPU.ActiveCfg = Debug|Any CPU
		{90DC5210-6167-46F9-A11C-E504D7FAAB8B}.Debug|Any CPU.Build.0 = Debug|Any CPU
		{90DC5210-6167-46F9-A11C-E504D7FAAB8B}.Debug|x64.ActiveCfg = Debug|Any CPU
		{90DC5210-6167-46F9-A11C-E504D7FAAB8B}.Debug|x64.Build.0 = Debug|Any CPU
		{90DC5210-6167-46F9-A11C-E504D7FAAB8B}.Debug|x86.ActiveCfg = Debug|Any CPU
		{90DC5210-6167-46F9-A11C-E504D7FAAB8B}.Debug|x86.Build.0 = Debug|Any CPU
		{90DC5210-6167-46F9-A11C-E504D7FAAB8B}.Release|Any CPU.ActiveCfg = Release|Any CPU
		{90DC5210-6167-46F9-A11C-E504D7FAAB8B}.Release|Any CPU.Build.0 = Release|Any CPU
		{90DC5210-6167-46F9-A11C-E504D7FAAB8B}.Release|x64.ActiveCfg = Release|Any CPU
		{90DC5210-6167-46F9-A11C-E504D7FAAB8B}.Release|x64.Build.0 = Release|Any CPU
		{90DC5210-6167-46F9-A11C-E504D7FAAB8B}.Release|x86.ActiveCfg = Release|Any CPU
		{90DC5210-6167-46F9-A11C-E504D7FAAB8B}.Release|x86.Build.0 = Release|Any CPU
		{6BC568DD-D748-448E-99B4-842FECEA41FF}.Debug|Any CPU.ActiveCfg = Debug|Any CPU
		{6BC568DD-D748-448E-99B4-842FECEA41FF}.Debug|Any CPU.Build.0 = Debug|Any CPU
		{6BC568DD-D748-448E-99B4-842FECEA41FF}.Debug|x64.ActiveCfg = Debug|Any CPU
		{6BC568DD-D748-448E-99B4-842FECEA41FF}.Debug|x64.Build.0 = Debug|Any CPU
		{6BC568DD-D748-448E-99B4-842FECEA41FF}.Debug|x86.ActiveCfg = Debug|Any CPU
		{6BC568DD-D748-448E-99B4-842FECEA41FF}.Debug|x86.Build.0 = Debug|Any CPU
		{6BC568DD-D748-448E-99B4-842FECEA41FF}.Release|Any CPU.ActiveCfg = Release|Any CPU
		{6BC568DD-D748-448E-99B4-842FECEA41FF}.Release|Any CPU.Build.0 = Release|Any CPU
		{6BC568DD-D748-448E-99B4-842FECEA41FF}.Release|x64.ActiveCfg = Release|Any CPU
		{6BC568DD-D748-448E-99B4-842FECEA41FF}.Release|x64.Build.0 = Release|Any CPU
		{6BC568DD-D748-448E-99B4-842FECEA41FF}.Release|x86.ActiveCfg = Release|Any CPU
		{6BC568DD-D748-448E-99B4-842FECEA41FF}.Release|x86.Build.0 = Release|Any CPU
		{AFB519E4-4AE5-45D5-8393-93960CCB495A}.Debug|Any CPU.ActiveCfg = Debug|Any CPU
		{AFB519E4-4AE5-45D5-8393-93960CCB495A}.Debug|Any CPU.Build.0 = Debug|Any CPU
		{AFB519E4-4AE5-45D5-8393-93960CCB495A}.Debug|x64.ActiveCfg = Debug|Any CPU
		{AFB519E4-4AE5-45D5-8393-93960CCB495A}.Debug|x64.Build.0 = Debug|Any CPU
		{AFB519E4-4AE5-45D5-8393-93960CCB495A}.Debug|x86.ActiveCfg = Debug|Any CPU
		{AFB519E4-4AE5-45D5-8393-93960CCB495A}.Debug|x86.Build.0 = Debug|Any CPU
		{AFB519E4-4AE5-45D5-8393-93960CCB495A}.Release|Any CPU.ActiveCfg = Release|Any CPU
		{AFB519E4-4AE5-45D5-8393-93960CCB495A}.Release|Any CPU.Build.0 = Release|Any CPU
		{AFB519E4-4AE5-45D5-8393-93960CCB495A}.Release|x64.ActiveCfg = Release|Any CPU
		{AFB519E4-4AE5-45D5-8393-93960CCB495A}.Release|x64.Build.0 = Release|Any CPU
		{AFB519E4-4AE5-45D5-8393-93960CCB495A}.Release|x86.ActiveCfg = Release|Any CPU
		{AFB519E4-4AE5-45D5-8393-93960CCB495A}.Release|x86.Build.0 = Release|Any CPU
		{A5520BF3-5F69-4801-A4D9-E7019EF7DF01}.Debug|Any CPU.ActiveCfg = Debug|Any CPU
		{A5520BF3-5F69-4801-A4D9-E7019EF7DF01}.Debug|Any CPU.Build.0 = Debug|Any CPU
		{A5520BF3-5F69-4801-A4D9-E7019EF7DF01}.Debug|x64.ActiveCfg = Debug|Any CPU
		{A5520BF3-5F69-4801-A4D9-E7019EF7DF01}.Debug|x64.Build.0 = Debug|Any CPU
		{A5520BF3-5F69-4801-A4D9-E7019EF7DF01}.Debug|x86.ActiveCfg = Debug|Any CPU
		{A5520BF3-5F69-4801-A4D9-E7019EF7DF01}.Debug|x86.Build.0 = Debug|Any CPU
		{A5520BF3-5F69-4801-A4D9-E7019EF7DF01}.Release|Any CPU.ActiveCfg = Release|Any CPU
		{A5520BF3-5F69-4801-A4D9-E7019EF7DF01}.Release|Any CPU.Build.0 = Release|Any CPU
		{A5520BF3-5F69-4801-A4D9-E7019EF7DF01}.Release|x64.ActiveCfg = Release|Any CPU
		{A5520BF3-5F69-4801-A4D9-E7019EF7DF01}.Release|x64.Build.0 = Release|Any CPU
		{A5520BF3-5F69-4801-A4D9-E7019EF7DF01}.Release|x86.ActiveCfg = Release|Any CPU
		{A5520BF3-5F69-4801-A4D9-E7019EF7DF01}.Release|x86.Build.0 = Release|Any CPU
	EndGlobalSection
	GlobalSection(SolutionProperties) = preSolution
		HideSolutionNode = FALSE
	EndGlobalSection
	GlobalSection(NestedProjects) = preSolution
		{98C44F95-E36B-1559-9416-B712F20D22DB} = {DAD03CFC-D5FA-AC94-41C7-9ABAB326F09E}
		{CD87BA02-E7A3-4E3C-818F-56C8DE44FCFE} = {DAD03CFC-D5FA-AC94-41C7-9ABAB326F09E}
		{78308EE4-E5F9-4623-AB63-23765625A78C} = {DAD03CFC-D5FA-AC94-41C7-9ABAB326F09E}
		{F6418E52-5FE5-8182-075E-77FED2B86FC9} = {DAD03CFC-D5FA-AC94-41C7-9ABAB326F09E}
		{90DC5210-6167-46F9-A11C-E504D7FAAB8B} = {F6418E52-5FE5-8182-075E-77FED2B86FC9}
		{6BC568DD-D748-448E-99B4-842FECEA41FF} = {F6418E52-5FE5-8182-075E-77FED2B86FC9}
		{A5520BF3-5F69-4801-A4D9-E7019EF7DF01} = {F6418E52-5FE5-8182-075E-77FED2B86FC9}
	EndGlobalSection
	GlobalSection(ExtensibilityGlobals) = postSolution
		SolutionGuid = {20CE1F0D-D6D8-4C40-BE63-EAF8581EE250}
	EndGlobalSection
EndGlobal
